
Microsoft Visual Studio Solution File, Format Version 12.00
# Visual Studio 15
VisualStudioVersion = 15.0.27906.1
MinimumVisualStudioVersion = 10.0.40219.1
Project("{FAE04EC0-301F-11D3-BF4B-00C04F79EFBC}") = "Visiontech.Analyzer", "Visiontech.Analyzer\Visiontech.Analyzer.csproj", "{D82D1044-B442-4C41-A0B1-8FB98E0F445D}"
EndProject
Global
	GlobalSection(SolutionConfigurationPlatforms) = preSolution
		Debug|Any CPU = Debug|Any CPU
		Release|Any CPU = Release|Any CPU
	EndGlobalSection
	GlobalSection(ProjectConfigurationPlatforms) = postSolution
		{D82D1044-B442-4C41-A0B1-8FB98E0F445D}.Debug|Any CPU.ActiveCfg = Debug|Any CPU
		{D82D1044-B442-4C41-A0B1-8FB98E0F445D}.Debug|Any CPU.Build.0 = Debug|Any CPU
		{D82D1044-B442-4C41-A0B1-8FB98E0F445D}.Release|Any CPU.ActiveCfg = Release|Any CPU
		{D82D1044-B442-4C41-A0B1-8FB98E0F445D}.Release|Any CPU.Build.0 = Release|Any CPU
	EndGlobalSection
	GlobalSection(SolutionProperties) = preSolution
		HideSolutionNode = FALSE
	EndGlobalSection
	GlobalSection(ExtensibilityGlobals) = postSolution
		SolutionGuid = {330AAD44-314A-4ACF-A568-D7AA08774447}
	EndGlobalSection
EndGlobal
